<Solution>
  <Configurations>
    <Platform Name="x64" />
    <Platform Name="x86" />
  </Configurations>
  <Project Path="Basic Shapes/Basic Shapes.vcxproj" Id="ea424940-3cf6-4b83-adc6-16301ca0e2a1" />
  <Project Path="CG-Class-CSGD/CG-Class-CSGD.vcxproj" Id="fdd9e15a-69ad-47af-a75c-f0a12ffaee42" />
</Solution>
